// !$*UTF8*$!
{
	archiveVersion = 1;
	classes = {
	};
	objectVersion = 77;
	objects = {

/* Begin PBXContainerItemProxy section */
		E23CF2972DBDF97400E01EED /* PBXContainerItemProxy */ = {
			isa = PBXContainerItemProxy;
			containerPortal = E23CF27E2DBDF97300E01EED /* Project object */;
			proxyType = 1;
			remoteGlobalIDString = E23CF2852DBDF97300E01EED;
			remoteInfo = BLELamp;
		};
		E23CF2A12DBDF97400E01EED /* PBXContainerItemProxy */ = {
			isa = PBXContainerItemProxy;
			containerPortal = E23CF27E2DBDF97300E01EED /* Project object */;
			proxyType = 1;
			remoteGlobalIDString = E23CF2852DBDF97300E01EED;
			remoteInfo = BLELamp;
		};
/* End PBXContainerItemProxy section */

/* Begin PBXFileReference section */
		E23CF2862DBDF97300E01EED /* BLELamp.app */ = {isa = PBXFileReference; explicitFileType = wrapper.application; includeInIndex = 0; path = BLELamp.app; sourceTree = BUILT_PRODUCTS_DIR; };
		E23CF2962DBDF97400E01EED /* BLELampTests.xctest */ = {isa = PBXFileReference; explicitFileType = wrapper.cfbundle; includeInIndex = 0; path = BLELampTests.xctest; sourceTree = BUILT_PRODUCTS_DIR; };
		E23CF2A02DBDF97400E01EED /* BLELampUITests.xctest */ = {isa = PBXFileReference; explicitFileType = wrapper.cfbundle; includeInIndex = 0; path = BLELampUITests.xctest; sourceTree = BUILT_PRODUCTS_DIR; };
/* End PBXFileReference section */

/* Begin PBXFileSystemSynchronizedRootGroup section */
		E23CF2882DBDF97300E01EED /* BLELamp */ = {
			isa = PBXFileSystemSynchronizedRootGroup;
			path = BLELamp;
			sourceTree = "<group>";
		};
		E23CF2992DBDF97400E01EED /* BLELampTests */ = {
			isa = PBXFileSystemSynchronizedRootGroup;
			path = BLELampTests;
			sourceTree = "<group>";
		};
		E23CF2A32DBDF97400E01EED /* BLELampUITests */ = {
			isa = PBXFileSystemSynchronizedRootGroup;
			path = BLELampUITests;
			sourceTree = "<group>";
		};
/* End PBXFileSystemSynchronizedRootGroup section */

/* Begin PBXFrameworksBuildPhase section */
		E23CF2832DBDF97300E01EED /* Frameworks */ = {
			isa = PBXFrameworksBuildPhase;
			buildActionMask = 2147483647;
			files = (
			);
			runOnlyForDeploymentPostprocessing = 0;
		};
		E23CF2932DBDF97400E01EED /* Frameworks */ = {
			isa = PBXFrameworksBuildPhase;
			buildActionMask = 2147483647;
			files = (
			);
			runOnlyForDeploymentPostprocessing = 0;
		};
		E23CF29D2DBDF97400E01EED /* Frameworks */ = {
			isa = PBXFrameworksBuildPhase;
			buildActionMask = 2147483647;
			files = (
			);
			runOnlyForDeploymentPostprocessing = 0;
		};
/* End PBXFrameworksBuildPhase section */

/* Begin PBXGroup section */
		E23CF27D2DBDF97300E01EED = {
			isa = PBXGroup;
			children = (
				E23CF2882DBDF97300E01EED /* BLELamp */,
				E23CF2992DBDF97400E01EED /* BLELampTests */,
				E23CF2A32DBDF97400E01EED /* BLELampUITests */,
				E23CF2872DBDF97300E01EED /* Products */,
			);
			sourceTree = "<group>";
		};
		E23CF2872DBDF97300E01EED /* Products */ = {
			isa = PBXGroup;
			children = (
				E23CF2862DBDF97300E01EED /* BLELamp.app */,
				E23CF2962DBDF97400E01EED /* BLELampTests.xctest */,
				E23CF2A02DBDF97400E01EED /* BLELampUITests.xctest */,
			);
			name = Products;
			sourceTree = "<group>";
		};
/* End PBXGroup section */

/* Begin PBXNativeTarget section */
		E23CF2852DBDF97300E01EED /* BLELamp */ = {
			isa = PBXNativeTarget;
			buildConfigurationList = E23CF2AA2DBDF97400E01EED /* Build configuration list for PBXNativeTarget "BLELamp" */;
			buildPhases = (
				E23CF2822DBDF97300E01EED /* Sources */,
				E23CF2832DBDF97300E01EED /* Frameworks */,
				E23CF2842DBDF97300E01EED /* Resources */,
			);
			buildRules = (
			);
			dependencies = (
			);
			fileSystemSynchronizedGroups = (
				E23CF2882DBDF97300E01EED /* BLELamp */,
			);
			name = BLELamp;
			packageProductDependencies = (
			);
			productName = BLELamp;
			productReference = E23CF2862DBDF97300E01EED /* BLELamp.app */;
			productType = "com.apple.product-type.application";
		};
		E23CF2952DBDF97400E01EED /* BLELampTests */ = {
			isa = PBXNativeTarget;
			buildConfigurationList = E23CF2AD2DBDF97400E01EED /* Build configuration list for PBXNativeTarget "BLELampTests" */;
			buildPhases = (
				E23CF2922DBDF97400E01EED /* Sources */,
				E23CF2932DBDF97400E01EED /* Frameworks */,
				E23CF2942DBDF97400E01EED /* Resources */,
			);
			buildRules = (
			);
			dependencies = (
				E23CF2982DBDF97400E01EED /* PBXTargetDependency */,
			);
			fileSystemSynchronizedGroups = (
				E23CF2992DBDF97400E01EED /* BLELampTests */,
			);
			name = BLELampTests;
			packageProductDependencies = (
			);
			productName = BLELampTests;
			productReference = E23CF2962DBDF97400E01EED /* BLELampTests.xctest */;
			productType = "com.apple.product-type.bundle.unit-test";
		};
		E23CF29F2DBDF97400E01EED /* BLELampUITests */ = {
			isa = PBXNativeTarget;
			buildConfigurationList = E23CF2B02DBDF97400E01EED /* Build configuration list for PBXNativeTarget "BLELampUITests" */;
			buildPhases = (
				E23CF29C2DBDF97400E01EED /* Sources */,
				E23CF29D2DBDF97400E01EED /* Frameworks */,
				E23CF29E2DBDF97400E01EED /* Resources */,
			);
			buildRules = (
			);
			dependencies = (
				E23CF2A22DBDF97400E01EED /* PBXTargetDependency */,
			);
			fileSystemSynchronizedGroups = (
				E23CF2A32DBDF97400E01EED /* BLELampUITests */,
			);
			name = BLELampUITests;
			packageProductDependencies = (
			);
			productName = BLELampUITests;
			productReference = E23CF2A02DBDF97400E01EED /* BLELampUITests.xctest */;
			productType = "com.apple.product-type.bundle.ui-testing";
		};
/* End PBXNativeTarget section */

/* Begin PBXProject section */
		E23CF27E2DBDF97300E01EED /* Project object */ = {
			isa = PBXProject;
			attributes = {
				BuildIndependentTargetsInParallel = 1;
				LastSwiftUpdateCheck = 1620;
				LastUpgradeCheck = 1620;
				TargetAttributes = {
					E23CF2852DBDF97300E01EED = {
						CreatedOnToolsVersion = 16.2;
					};
					E23CF2952DBDF97400E01EED = {
						CreatedOnToolsVersion = 16.2;
						TestTargetID = E23CF2852DBDF97300E01EED;
					};
					E23CF29F2DBDF97400E01EED = {
						CreatedOnToolsVersion = 16.2;
						TestTargetID = E23CF2852DBDF97300E01EED;
					};
				};
			};
			buildConfigurationList = E23CF2812DBDF97300E01EED /* Build configuration list for PBXProject "BLELamp" */;
			developmentRegion = en;
			hasScannedForEncodings = 0;
			knownRegions = (
				en,
				Base,
			);
			mainGroup = E23CF27D2DBDF97300E01EED;
			minimizedProjectReferenceProxies = 1;
			preferredProjectObjectVersion = 77;
			productRefGroup = E23CF2872DBDF97300E01EED /* Products */;
			projectDirPath = "";
			projectRoot = "";
			targets = (
				E23CF2852DBDF97300E01EED /* BLELamp */,
				E23CF2952DBDF97400E01EED /* BLELampTests */,
				E23CF29F2DBDF97400E01EED /* BLELampUITests */,
			);
		};
/* End PBXProject section */

/* Begin PBXResourcesBuildPhase section */
		E23CF2842DBDF97300E01EED /* Resources */ = {
			isa = PBXResourcesBuildPhase;
			buildActionMask = 2147483647;
			files = (
			);
			runOnlyForDeploymentPostprocessing = 0;
		};
		E23CF2942DBDF97400E01EED /* Resources */ = {
			isa = PBXResourcesBuildPhase;
			buildActionMask = 2147483647;
			files = (
			);
			runOnlyForDeploymentPostprocessing = 0;
		};
		E23CF29E2DBDF97400E01EED /* Resources */ = {
			isa = PBXResourcesBuildPhase;
			buildActionMask = 2147483647;
			files = (
			);
			runOnlyForDeploymentPostprocessing = 0;
		};
/* End PBXResourcesBuildPhase section */

/* Begin PBXSourcesBuildPhase section */
		E23CF2822DBDF97300E01EED /* Sources */ = {
			isa = PBXSourcesBuildPhase;
			buildActionMask = 2147483647;
			files = (
			);
			runOnlyForDeploymentPostprocessing = 0;
		};
		E23CF2922DBDF97400E01EED /* Sources */ = {
			isa = PBXSourcesBuildPhase;
			buildActionMask = 2147483647;
			files = (
			);
			runOnlyForDeploymentPostprocessing = 0;
		};
		E23CF29C2DBDF97400E01EED /* Sources */ = {
			isa = PBXSourcesBuildPhase;
			buildActionMask = 2147483647;
			files = (
			);
			runOnlyForDeploymentPostprocessing = 0;
		};
/* End PBXSourcesBuildPhase section */

/* Begin PBXTargetDependency section */
		E23CF2982DBDF97400E01EED /* PBXTargetDependency */ = {
			isa = PBXTargetDependency;
			target = E23CF2852DBDF97300E01EED /* BLELamp */;
			targetProxy = E23CF2972DBDF97400E01EED /* PBXContainerItemProxy */;
		};
		E23CF2A22DBDF97400E01EED /* PBXTargetDependency */ = {
			isa = PBXTargetDependency;
			target = E23CF2852DBDF97300E01EED /* BLELamp */;
			targetProxy = E23CF2A12DBDF97400E01EED /* PBXContainerItemProxy */;
		};
/* End PBXTargetDependency section */

/* Begin XCBuildConfiguration section */
		E23CF2A82DBDF97400E01EED /* Debug */ = {
			isa = XCBuildConfiguration;
			buildSettings = {
				ALWAYS_SEARCH_USER_PATHS = NO;
				ASSETCATALOG_COMPILER_GENERATE_SWIFT_ASSET_SYMBOL_EXTENSIONS = YES;
				CLANG_ANALYZER_NONNULL = YES;
				CLANG_ANALYZER_NUMBER_OBJECT_CONVERSION = YES_AGGRESSIVE;
				CLANG_CXX_LANGUAGE_STANDARD = "gnu++20";
				CLANG_ENABLE_MODULES = YES;
				CLANG_ENABLE_OBJC_ARC = YES;
				CLANG_ENABLE_OBJC_WEAK = YES;
				CLANG_WARN_BLOCK_CAPTURE_AUTORELEASING = YES;
				CLANG_WARN_BOOL_CONVERSION = YES;
				CLANG_WARN_COMMA = YES;
				CLANG_WARN_CONSTANT_CONVERSION = YES;
				CLANG_WARN_DEPRECATED_OBJC_IMPLEMENTATIONS = YES;
				CLANG_WARN_DIRECT_OBJC_ISA_USAGE = YES_ERROR;
				CLANG_WARN_DOCUMENTATION_COMMENTS = YES;
				CLANG_WARN_EMPTY_BODY = YES;
				CLANG_WARN_ENUM_CONVERSION = YES;
				CLANG_WARN_INFINITE_RECURSION = YES;
				CLANG_WARN_INT_CONVERSION = YES;
				CLANG_WARN_NON_LITERAL_NULL_CONVERSION = YES;
				CLANG_WARN_OBJC_IMPLICIT_RETAIN_SELF = YES;
				CLANG_WARN_OBJC_LITERAL_CONVERSION = YES;
				CLANG_WARN_OBJC_ROOT_CLASS = YES_ERROR;
				CLANG_WARN_QUOTED_INCLUDE_IN_FRAMEWORK_HEADER = YES;
				CLANG_WARN_RANGE_LOOP_ANALYSIS = YES;
				CLANG_WARN_STRICT_PROTOTYPES = YES;
				CLANG_WARN_SUSPICIOUS_MOVE = YES;
				CLANG_WARN_UNGUARDED_AVAILABILITY = YES_AGGRESSIVE;
				CLANG_WARN_UNREACHABLE_CODE = YES;
				CLANG_WARN__DUPLICATE_METHOD_MATCH = YES;
				COPY_PHASE_STRIP = NO;
				DEBUG_INFORMATION_FORMAT = dwarf;
				ENABLE_STRICT_OBJC_MSGSEND = YES;
				ENABLE_TESTABILITY = YES;
				ENABLE_USER_SCRIPT_SANDBOXING = YES;
				GCC_C_LANGUAGE_STANDARD = gnu17;
				GCC_DYNAMIC_NO_PIC = NO;
				GCC_NO_COMMON_BLOCKS = YES;
				GCC_OPTIMIZATION_LEVEL = 0;
				GCC_PREPROCESSOR_DEFINITIONS = (
					"DEBUG=1",
					"$(inherited)",
				);
				GCC_WARN_64_TO_32_BIT_CONVERSION = YES;
				GCC_WARN_ABOUT_RETURN_TYPE = YES_ERROR;
				GCC_WARN_UNDECLARED_SELECTOR = YES;
				GCC_WARN_UNINITIALIZED_AUTOS = YES_AGGRESSIVE;
				GCC_WARN_UNUSED_FUNCTION = YES;
				GCC_WARN_UNUSED_VARIABLE = YES;
				IPHONEOS_DEPLOYMENT_TARGET = 18.2;
				LOCALIZATION_PREFERS_STRING_CATALOGS = YES;
				MTL_ENABLE_DEBUG_INFO = INCLUDE_SOURCE;
				MTL_FAST_MATH = YES;
				ONLY_ACTIVE_ARCH = YES;
				SDKROOT = iphoneos;
				SWIFT_ACTIVE_COMPILATION_CONDITIONS = "DEBUG $(inherited)";
				SWIFT_OPTIMIZATION_LEVEL = "-Onone";
			};
			name = Debug;
		};
		E23CF2A92DBDF97400E01EED /* Release */ = {
			isa = XCBuildConfiguration;
			buildSettings = {
				ALWAYS_SEARCH_USER_PATHS = NO;
				ASSETCATALOG_COMPILER_GENERATE_SWIFT_ASSET_SYMBOL_EXTENSIONS = YES;
				CLANG_ANALYZER_NONNULL = YES;
				CLANG_ANALYZER_NUMBER_OBJECT_CONVERSION = YES_AGGRESSIVE;
				CLANG_CXX_LANGUAGE_STANDARD = "gnu++20";
				CLANG_ENABLE_MODULES = YES;
				CLANG_ENABLE_OBJC_ARC = YES;
				CLANG_ENABLE_OBJC_WEAK = YES;
				CLANG_WARN_BLOCK_CAPTURE_AUTORELEASING = YES;
				CLANG_WARN_BOOL_CONVERSION = YES;
				CLANG_WARN_COMMA = YES;
				CLANG_WARN_CONSTANT_CONVERSION = YES;
				CLANG_WARN_DEPRECATED_OBJC_IMPLEMENTATIONS = YES;
				CLANG_WARN_DIRECT_OBJC_ISA_USAGE = YES_ERROR;
				CLANG_WARN_DOCUMENTATION_COMMENTS = YES;
				CLANG_WARN_EMPTY_BODY = YES;
				CLANG_WARN_ENUM_CONVERSION = YES;
				CLANG_WARN_INFINITE_RECURSION = YES;
				CLANG_WARN_INT_CONVERSION = YES;
				CLANG_WARN_NON_LITERAL_NULL_CONVERSION = YES;
				CLANG_WARN_OBJC_IMPLICIT_RETAIN_SELF = YES;
				CLANG_WARN_OBJC_LITERAL_CONVERSION = YES;
				CLANG_WARN_OBJC_ROOT_CLASS = YES_ERROR;
				CLANG_WARN_QUOTED_INCLUDE_IN_FRAMEWORK_HEADER = YES;
				CLANG_WARN_RANGE_LOOP_ANALYSIS = YES;
				CLANG_WARN_STRICT_PROTOTYPES = YES;
				CLANG_WARN_SUSPICIOUS_MOVE = YES;
				CLANG_WARN_UNGUARDED_AVAILABILITY = YES_AGGRESSIVE;
				CLANG_WARN_UNREACHABLE_CODE = YES;
				CLANG_WARN__DUPLICATE_METHOD_MATCH = YES;
				COPY_PHASE_STRIP = NO;
				DEBUG_INFORMATION_FORMAT = "dwarf-with-dsym";
				ENABLE_NS_ASSERTIONS = NO;
				ENABLE_STRICT_OBJC_MSGSEND = YES;
				ENABLE_USER_SCRIPT_SANDBOXING = YES;
				GCC_C_LANGUAGE_STANDARD = gnu17;
				GCC_NO_COMMON_BLOCKS = YES;
				GCC_WARN_64_TO_32_BIT_CONVERSION = YES;
				GCC_WARN_ABOUT_RETURN_TYPE = YES_ERROR;
				GCC_WARN_UNDECLARED_SELECTOR = YES;
				GCC_WARN_UNINITIALIZED_AUTOS = YES_AGGRESSIVE;
				GCC_WARN_UNUSED_FUNCTION = YES;
				GCC_WARN_UNUSED_VARIABLE = YES;
				IPHONEOS_DEPLOYMENT_TARGET = 18.2;
				LOCALIZATION_PREFERS_STRING_CATALOGS = YES;
				MTL_ENABLE_DEBUG_INFO = NO;
				MTL_FAST_MATH = YES;
				SDKROOT = iphoneos;
				SWIFT_COMPILATION_MODE = wholemodule;
				VALIDATE_PRODUCT = YES;
			};
			name = Release;
		};
		E23CF2AB2DBDF97400E01EED /* Debug */ = {
			isa = XCBuildConfiguration;
			buildSettings = {
				ASSETCATALOG_COMPILER_APPICON_NAME = AppIcon;
				ASSETCATALOG_COMPILER_GLOBAL_ACCENT_COLOR_NAME = AccentColor;
				CODE_SIGN_STYLE = Automatic;
				CURRENT_PROJECT_VERSION = 1;
				DEVELOPMENT_ASSET_PATHS = "\"BLELamp/Preview Content\"";
				DEVELOPMENT_TEAM = 6K8PJTL53B;
				ENABLE_PREVIEWS = YES;
				GENERATE_INFOPLIST_FILE = YES;
				INFOPLIST_KEY_UIApplicationSceneManifest_Generation = YES;
				INFOPLIST_KEY_UIApplicationSupportsIndirectInputEvents = YES;
				INFOPLIST_KEY_UILaunchScreen_Generation = YES;
				INFOPLIST_KEY_UISupportedInterfaceOrientations_iPad = "UIInterfaceOrientationPortrait UIInterfaceOrientationPortraitUpsideDown UIInterfaceOrientationLandscapeLeft UIInterfaceOrientationLandscapeRight";
				INFOPLIST_KEY_UISupportedInterfaceOrientations_iPhone = "UIInterfaceOrientationPortrait UIInterfaceOrientationLandscapeLeft UIInterfaceOrientationLandscapeRight";
				LD_RUNPATH_SEARCH_PATHS = (
					"$(inherited)",
					"@executable_path/Frameworks",
				);
				MARKETING_VERSION = 1.0;
				PRODUCT_BUNDLE_IDENTIFIER = com.dprice2000.BLELamp;
				PRODUCT_NAME = "$(TARGET_NAME)";
				SWIFT_EMIT_LOC_STRINGS = YES;
				SWIFT_VERSION = 5.0;
				TARGETED_DEVICE_FAMILY = "1,2";
			};
			name = Debug;
		};
		E23CF2AC2DBDF97400E01EED /* Release */ = {
			isa = XCBuildConfiguration;
			buildSettings = {
				ASSETCATALOG_COMPILER_APPICON_NAME = AppIcon;
				ASSETCATALOG_COMPILER_GLOBAL_ACCENT_COLOR_NAME = AccentColor;
				CODE_SIGN_STYLE = Automatic;
				CURRENT_PROJECT_VERSION = 1;
				DEVELOPMENT_ASSET_PATHS = "\"BLELamp/Preview Content\"";
				DEVELOPMENT_TEAM = 6K8PJTL53B;
				ENABLE_PREVIEWS = YES;
				GENERATE_INFOPLIST_FILE = YES;
				INFOPLIST_KEY_UIApplicationSceneManifest_Generation = YES;
				INFOPLIST_KEY_UIApplicationSupportsIndirectInputEvents = YES;
				INFOPLIST_KEY_UILaunchScreen_Generation = YES;
				INFOPLIST_KEY_UISupportedInterfaceOrientations_iPad = "UIInterfaceOrientationPortrait UIInterfaceOrientationPortraitUpsideDown UIInterfaceOrientationLandscapeLeft UIInterfaceOrientationLandscapeRight";
				INFOPLIST_KEY_UISupportedInterfaceOrientations_iPhone = "UIInterfaceOrientationPortrait UIInterfaceOrientationLandscapeLeft UIInterfaceOrientationLandscapeRight";
				LD_RUNPATH_SEARCH_PATHS = (
					"$(inherited)",
					"@executable_path/Frameworks",
				);
				MARKETING_VERSION = 1.0;
				PRODUCT_BUNDLE_IDENTIFIER = com.dprice2000.BLELamp;
				PRODUCT_NAME = "$(TARGET_NAME)";
				SWIFT_EMIT_LOC_STRINGS = YES;
				SWIFT_VERSION = 5.0;
				TARGETED_DEVICE_FAMILY = "1,2";
			};
			name = Release;
		};
		E23CF2AE2DBDF97400E01EED /* Debug */ = {
			isa = XCBuildConfiguration;
			buildSettings = {
				BUNDLE_LOADER = "$(TEST_HOST)";
				CODE_SIGN_STYLE = Automatic;
				CURRENT_PROJECT_VERSION = 1;
				DEVELOPMENT_TEAM = 6K8PJTL53B;
				GENERATE_INFOPLIST_FILE = YES;
				IPHONEOS_DEPLOYMENT_TARGET = 18.2;
				MARKETING_VERSION = 1.0;
				PRODUCT_BUNDLE_IDENTIFIER = com.dprice2000.BLELampTests;
				PRODUCT_NAME = "$(TARGET_NAME)";
				SWIFT_EMIT_LOC_STRINGS = NO;
				SWIFT_VERSION = 5.0;
				TARGETED_DEVICE_FAMILY = "1,2";
				TEST_HOST = "$(BUILT_PRODUCTS_DIR)/BLELamp.app/$(BUNDLE_EXECUTABLE_FOLDER_PATH)/BLELamp";
			};
			name = Debug;
		};
		E23CF2AF2DBDF97400E01EED /* Release */ = {
			isa = XCBuildConfiguration;
			buildSettings = {
				BUNDLE_LOADER = "$(TEST_HOST)";
				CODE_SIGN_STYLE = Automatic;
				CURRENT_PROJECT_VERSION = 1;
				DEVELOPMENT_TEAM = 6K8PJTL53B;
				GENERATE_INFOPLIST_FILE = YES;
				IPHONEOS_DEPLOYMENT_TARGET = 18.2;
				MARKETING_VERSION = 1.0;
				PRODUCT_BUNDLE_IDENTIFIER = com.dprice2000.BLELampTests;
				PRODUCT_NAME = "$(TARGET_NAME)";
				SWIFT_EMIT_LOC_STRINGS = NO;
				SWIFT_VERSION = 5.0;
				TARGETED_DEVICE_FAMILY = "1,2";
				TEST_HOST = "$(BUILT_PRODUCTS_DIR)/BLELamp.app/$(BUNDLE_EXECUTABLE_FOLDER_PATH)/BLELamp";
			};
			name = Release;
		};
		E23CF2B12DBDF97400E01EED /* Debug */ = {
			isa = XCBuildConfiguration;
			buildSettings = {
				CODE_SIGN_STYLE = Automatic;
				CURRENT_PROJECT_VERSION = 1;
				DEVELOPMENT_TEAM = 6K8PJTL53B;
				GENERATE_INFOPLIST_FILE = YES;
				MARKETING_VERSION = 1.0;
				PRODUCT_BUNDLE_IDENTIFIER = com.dprice2000.BLELampUITests;
				PRODUCT_NAME = "$(TARGET_NAME)";
				SWIFT_EMIT_LOC_STRINGS = NO;
				SWIFT_VERSION = 5.0;
				TARGETED_DEVICE_FAMILY = "1,2";
				TEST_TARGET_NAME = BLELamp;
			};
			name = Debug;
		};
		E23CF2B22DBDF97400E01EED /* Release */ = {
			isa = XCBuildConfiguration;
			buildSettings = {
				CODE_SIGN_STYLE = Automatic;
				CURRENT_PROJECT_VERSION = 1;
				DEVELOPMENT_TEAM = 6K8PJTL53B;
				GENERATE_INFOPLIST_FILE = YES;
				MARKETING_VERSION = 1.0;
				PRODUCT_BUNDLE_IDENTIFIER = com.dprice2000.BLELampUITests;
				PRODUCT_NAME = "$(TARGET_NAME)";
				SWIFT_EMIT_LOC_STRINGS = NO;
				SWIFT_VERSION = 5.0;
				TARGETED_DEVICE_FAMILY = "1,2";
				TEST_TARGET_NAME = BLELamp;
			};
			name = Release;
		};
/* End XCBuildConfiguration section */

/* Begin XCConfigurationList section */
		E23CF2812DBDF97300E01EED /* Build configuration list for PBXProject "BLELamp" */ = {
			isa = XCConfigurationList;
			buildConfigurations = (
				E23CF2A82DBDF97400E01EED /* Debug */,
				E23CF2A92DBDF97400E01EED /* Release */,
			);
			defaultConfigurationIsVisible = 0;
			defaultConfigurationName = Release;
		};
		E23CF2AA2DBDF97400E01EED /* Build configuration list for PBXNativeTarget "BLELamp" */ = {
			isa = XCConfigurationList;
			buildConfigurations = (
				E23CF2AB2DBDF97400E01EED /* Debug */,
				E23CF2AC2DBDF97400E01EED /* Release */,
			);
			defaultConfigurationIsVisible = 0;
			defaultConfigurationName = Release;
		};
		E23CF2AD2DBDF97400E01EED /* Build configuration list for PBXNativeTarget "BLELampTests" */ = {
			isa = XCConfigurationList;
			buildConfigurations = (
				E23CF2AE2DBDF97400E01EED /* Debug */,
				E23CF2AF2DBDF97400E01EED /* Release */,
			);
			defaultConfigurationIsVisible = 0;
			defaultConfigurationName = Release;
		};
		E23CF2B02DBDF97400E01EED /* Build configuration list for PBXNativeTarget "BLELampUITests" */ = {
			isa = XCConfigurationList;
			buildConfigurations = (
				E23CF2B12DBDF97400E01EED /* Debug */,
				E23CF2B22DBDF97400E01EED /* Release */,
			);
			defaultConfigurationIsVisible = 0;
			defaultConfigurationName = Release;
		};
/* End XCConfigurationList section */
	};
	rootObject = E23CF27E2DBDF97300E01EED /* Project object */;
}
